// !$*UTF8*$!
{
	archiveVersion = 1;
	classes = {
	};
	objectVersion = 77;
	objects = {

/* Begin PBXBuildFile section */
		BC2609060000000000000001 /* CommentReminderWidget.appex in Embed Foundation Extensions */ = {isa = PBXBuildFile; fileRef = BC2609060000000000000004 /* CommentReminderWidget.appex */; settings = {ATTRIBUTES = (RemoveHeadersOnCopy, ); }; };
/* End PBXBuildFile section */

/* Begin PBXContainerItemProxy section */
		3EC017B52FABB21900B10774 /* PBXContainerItemProxy */ = {
			isa = PBXContainerItemProxy;
			containerPortal = 3EC017982FABB21600B10774 /* Project object */;
			proxyType = 1;
			remoteGlobalIDString = 3EC0179F2FABB21600B10774;
			remoteInfo = "钱多多";
		};
		3EC017BF2FABB21900B10774 /* PBXContainerItemProxy */ = {
			isa = PBXContainerItemProxy;
			containerPortal = 3EC017982FABB21600B10774 /* Project object */;
			proxyType = 1;
			remoteGlobalIDString = 3EC0179F2FABB21600B10774;
			remoteInfo = "钱多多";
		};
		BC2609060000000000000002 /* PBXContainerItemProxy */ = {
			isa = PBXContainerItemProxy;
			containerPortal = 3EC017982FABB21600B10774 /* Project object */;
			proxyType = 1;
			remoteGlobalIDString = BC2609060000000000000009;
			remoteInfo = CommentReminderWidget;
		};
/* End PBXContainerItemProxy section */

/* Begin PBXCopyFilesBuildPhase section */
		BC2609060000000000000003 /* Embed Foundation Extensions */ = {
			isa = PBXCopyFilesBuildPhase;
			buildActionMask = 2147483647;
			dstPath = "";
			dstSubfolderSpec = 13;
			files = (
				BC2609060000000000000001 /* CommentReminderWidget.appex in Embed Foundation Extensions */,
			);
			name = "Embed Foundation Extensions";
			runOnlyForDeploymentPostprocessing = 0;
		};
/* End PBXCopyFilesBuildPhase section */

/* Begin PBXFileReference section */
		DD2609220000000000000001 /* Signing.xcconfig */ = {isa = PBXFileReference; lastKnownFileType = text.xcconfig; path = Config/Signing.xcconfig; sourceTree = SOURCE_ROOT; };
		3EC017A02FABB21600B10774 /* 钱多多.app */ = {isa = PBXFileReference; explicitFileType = wrapper.application; includeInIndex = 0; path = "钱多多.app"; sourceTree = BUILT_PRODUCTS_DIR; };
		3EC017B42FABB21900B10774 /* 钱多多Tests.xctest */ = {isa = PBXFileReference; explicitFileType = wrapper.cfbundle; includeInIndex = 0; path = "钱多多Tests.xctest"; sourceTree = BUILT_PRODUCTS_DIR; };
		3EC017BE2FABB21900B10774 /* 钱多多UITests.xctest */ = {isa = PBXFileReference; explicitFileType = wrapper.cfbundle; includeInIndex = 0; path = "钱多多UITests.xctest"; sourceTree = BUILT_PRODUCTS_DIR; };
		BC2609060000000000000004 /* CommentReminderWidget.appex */ = {isa = PBXFileReference; explicitFileType = "wrapper.app-extension"; includeInIndex = 0; path = CommentReminderWidget.appex; sourceTree = BUILT_PRODUCTS_DIR; };
/* End PBXFileReference section */

/* Begin PBXFileSystemSynchronizedBuildFileExceptionSet section */
		3EC017C62FABB21900B10774 /* Exceptions for "钱多多" folder in "钱多多" target */ = {
			isa = PBXFileSystemSynchronizedBuildFileExceptionSet;
			membershipExceptions = (
				Info.plist,
			);
			target = 3EC0179F2FABB21600B10774 /* 钱多多 */;
		};
		BC2609060000000000000005 /* Exceptions for "CommentReminderWidget" folder in "CommentReminderWidget" target */ = {
			isa = PBXFileSystemSynchronizedBuildFileExceptionSet;
			membershipExceptions = (
				Info.plist,
			);
			target = BC2609060000000000000009 /* CommentReminderWidget */;
		};
/* End PBXFileSystemSynchronizedBuildFileExceptionSet section */

/* Begin PBXFileSystemSynchronizedRootGroup section */
		3EC017A22FABB21600B10774 /* 钱多多 */ = {
			isa = PBXFileSystemSynchronizedRootGroup;
			exceptions = (
				3EC017C62FABB21900B10774 /* Exceptions for "钱多多" folder in "钱多多" target */,
			);
			path = "钱多多";
			sourceTree = "<group>";
		};
		3EC017B72FABB21900B10774 /* 钱多多Tests */ = {
			isa = PBXFileSystemSynchronizedRootGroup;
			path = "钱多多Tests";
			sourceTree = "<group>";
		};
		3EC017C12FABB21900B10774 /* 钱多多UITests */ = {
			isa = PBXFileSystemSynchronizedRootGroup;
			path = "钱多多UITests";
			sourceTree = "<group>";
		};
		BC2609060000000000000006 /* CommentReminderShared */ = {
			isa = PBXFileSystemSynchronizedRootGroup;
			path = CommentReminderShared;
			sourceTree = "<group>";
		};
		BC2609060000000000000007 /* CommentReminderWidget */ = {
			isa = PBXFileSystemSynchronizedRootGroup;
			exceptions = (
				BC2609060000000000000005 /* Exceptions for "CommentReminderWidget" folder in "CommentReminderWidget" target */,
			);
			path = CommentReminderWidget;
			sourceTree = "<group>";
		};
/* End PBXFileSystemSynchronizedRootGroup section */

/* Begin PBXFrameworksBuildPhase section */
		3EC0179D2FABB21600B10774 /* Frameworks */ = {
			isa = PBXFrameworksBuildPhase;
			buildActionMask = 2147483647;
			files = (
			);
			runOnlyForDeploymentPostprocessing = 0;
		};
		3EC017B12FABB21900B10774 /* Frameworks */ = {
			isa = PBXFrameworksBuildPhase;
			buildActionMask = 2147483647;
			files = (
			);
			runOnlyForDeploymentPostprocessing = 0;
		};
		3EC017BB2FABB21900B10774 /* Frameworks */ = {
			isa = PBXFrameworksBuildPhase;
			buildActionMask = 2147483647;
			files = (
			);
			runOnlyForDeploymentPostprocessing = 0;
		};
		BC2609060000000000000008 /* Frameworks */ = {
			isa = PBXFrameworksBuildPhase;
			buildActionMask = 2147483647;
			files = (
			);
			runOnlyForDeploymentPostprocessing = 0;
		};
/* End PBXFrameworksBuildPhase section */

/* Begin PBXGroup section */
		3EC017972FABB21600B10774 = {
			isa = PBXGroup;
			children = (
				3EC017A22FABB21600B10774 /* 钱多多 */,
				BC2609060000000000000006 /* CommentReminderShared */,
				BC2609060000000000000007 /* CommentReminderWidget */,
				3EC017B72FABB21900B10774 /* 钱多多Tests */,
				3EC017C12FABB21900B10774 /* 钱多多UITests */,
				3EC017A12FABB21600B10774 /* Products */,
			);
			sourceTree = "<group>";
		};
		3EC017A12FABB21600B10774 /* Products */ = {
			isa = PBXGroup;
			children = (
				3EC017A02FABB21600B10774 /* 钱多多.app */,
				BC2609060000000000000004 /* CommentReminderWidget.appex */,
				3EC017B42FABB21900B10774 /* 钱多多Tests.xctest */,
				3EC017BE2FABB21900B10774 /* 钱多多UITests.xctest */,
			);
			name = Products;
			sourceTree = "<group>";
		};
/* End PBXGroup section */

/* Begin PBXNativeTarget section */
		3EC0179F2FABB21600B10774 /* 钱多多 */ = {
			isa = PBXNativeTarget;
			buildConfigurationList = 3EC017C72FABB21900B10774 /* Build configuration list for PBXNativeTarget "钱多多" */;
			buildPhases = (
				3EC0179C2FABB21600B10774 /* Sources */,
				3EC0179D2FABB21600B10774 /* Frameworks */,
				3EC0179E2FABB21600B10774 /* Resources */,
				BC2609060000000000000003 /* Embed Foundation Extensions */,
			);
			buildRules = (
			);
			dependencies = (
				BC260906000000000000000C /* PBXTargetDependency */,
			);
			fileSystemSynchronizedGroups = (
				3EC017A22FABB21600B10774 /* 钱多多 */,
				BC2609060000000000000006 /* CommentReminderShared */,
			);
			name = "钱多多";
			packageProductDependencies = (
			);
			productName = "钱多多";
			productReference = 3EC017A02FABB21600B10774 /* 钱多多.app */;
			productType = "com.apple.product-type.application";
		};
		3EC017B32FABB21900B10774 /* 钱多多Tests */ = {
			isa = PBXNativeTarget;
			buildConfigurationList = 3EC017CC2FABB21900B10774 /* Build configuration list for PBXNativeTarget "钱多多Tests" */;
			buildPhases = (
				3EC017B02FABB21900B10774 /* Sources */,
				3EC017B12FABB21900B10774 /* Frameworks */,
				3EC017B22FABB21900B10774 /* Resources */,
			);
			buildRules = (
			);
			dependencies = (
				3EC017B62FABB21900B10774 /* PBXTargetDependency */,
			);
			fileSystemSynchronizedGroups = (
				3EC017B72FABB21900B10774 /* 钱多多Tests */,
			);
			name = "钱多多Tests";
			packageProductDependencies = (
			);
			productName = "钱多多Tests";
			productReference = 3EC017B42FABB21900B10774 /* 钱多多Tests.xctest */;
			productType = "com.apple.product-type.bundle.unit-test";
		};
		3EC017BD2FABB21900B10774 /* 钱多多UITests */ = {
			isa = PBXNativeTarget;
			buildConfigurationList = 3EC017CF2FABB21900B10774 /* Build configuration list for PBXNativeTarget "钱多多UITests" */;
			buildPhases = (
				3EC017BA2FABB21900B10774 /* Sources */,
				3EC017BB2FABB21900B10774 /* Frameworks */,
				3EC017BC2FABB21900B10774 /* Resources */,
			);
			buildRules = (
			);
			dependencies = (
				3EC017C02FABB21900B10774 /* PBXTargetDependency */,
			);
			fileSystemSynchronizedGroups = (
				3EC017C12FABB21900B10774 /* 钱多多UITests */,
			);
			name = "钱多多UITests";
			packageProductDependencies = (
			);
			productName = "钱多多UITests";
			productReference = 3EC017BE2FABB21900B10774 /* 钱多多UITests.xctest */;
			productType = "com.apple.product-type.bundle.ui-testing";
		};
		BC2609060000000000000009 /* CommentReminderWidget */ = {
			isa = PBXNativeTarget;
			buildConfigurationList = BC260906000000000000000F /* Build configuration list for PBXNativeTarget "CommentReminderWidget" */;
			buildPhases = (
				BC260906000000000000000B /* Sources */,
				BC2609060000000000000008 /* Frameworks */,
				BC260906000000000000000A /* Resources */,
			);
			buildRules = (
			);
			dependencies = (
			);
			fileSystemSynchronizedGroups = (
				BC2609060000000000000006 /* CommentReminderShared */,
				BC2609060000000000000007 /* CommentReminderWidget */,
			);
			name = CommentReminderWidget;
			packageProductDependencies = (
			);
			productName = CommentReminderWidget;
			productReference = BC2609060000000000000004 /* CommentReminderWidget.appex */;
			productType = "com.apple.product-type.app-extension";
		};
/* End PBXNativeTarget section */

/* Begin PBXProject section */
		3EC017982FABB21600B10774 /* Project object */ = {
			isa = PBXProject;
			attributes = {
				BuildIndependentTargetsInParallel = 1;
				LastSwiftUpdateCheck = 2620;
				LastUpgradeCheck = 2620;
				TargetAttributes = {
					3EC0179F2FABB21600B10774 = {
						CreatedOnToolsVersion = 26.2;
					};
					3EC017B32FABB21900B10774 = {
						CreatedOnToolsVersion = 26.2;
						TestTargetID = 3EC0179F2FABB21600B10774;
					};
					3EC017BD2FABB21900B10774 = {
						CreatedOnToolsVersion = 26.2;
						TestTargetID = 3EC0179F2FABB21600B10774;
					};
					BC2609060000000000000009 = {
						CreatedOnToolsVersion = 26.2;
					};
				};
			};
			buildConfigurationList = 3EC0179B2FABB21600B10774 /* Build configuration list for PBXProject "钱多多" */;
			developmentRegion = "zh-Hans";
			hasScannedForEncodings = 0;
			knownRegions = (
				"zh-Hans",
				en,
				Base,
			);
			mainGroup = 3EC017972FABB21600B10774;
			minimizedProjectReferenceProxies = 1;
			preferredProjectObjectVersion = 77;
			productRefGroup = 3EC017A12FABB21600B10774 /* Products */;
			projectDirPath = "";
			projectRoot = "";
			targets = (
				3EC0179F2FABB21600B10774 /* 钱多多 */,
				BC2609060000000000000009 /* CommentReminderWidget */,
				3EC017B32FABB21900B10774 /* 钱多多Tests */,
				3EC017BD2FABB21900B10774 /* 钱多多UITests */,
			);
		};
/* End PBXProject section */

/* Begin PBXResourcesBuildPhase section */
		3EC0179E2FABB21600B10774 /* Resources */ = {
			isa = PBXResourcesBuildPhase;
			buildActionMask = 2147483647;
			files = (
			);
			runOnlyForDeploymentPostprocessing = 0;
		};
		3EC017B22FABB21900B10774 /* Resources */ = {
			isa = PBXResourcesBuildPhase;
			buildActionMask = 2147483647;
			files = (
			);
			runOnlyForDeploymentPostprocessing = 0;
		};
		3EC017BC2FABB21900B10774 /* Resources */ = {
			isa = PBXResourcesBuildPhase;
			buildActionMask = 2147483647;
			files = (
			);
			runOnlyForDeploymentPostprocessing = 0;
		};
		BC260906000000000000000A /* Resources */ = {
			isa = PBXResourcesBuildPhase;
			buildActionMask = 2147483647;
			files = (
			);
			runOnlyForDeploymentPostprocessing = 0;
		};
/* End PBXResourcesBuildPhase section */

/* Begin PBXSourcesBuildPhase section */
		3EC0179C2FABB21600B10774 /* Sources */ = {
			isa = PBXSourcesBuildPhase;
			buildActionMask = 2147483647;
			files = (
			);
			runOnlyForDeploymentPostprocessing = 0;
		};
		3EC017B02FABB21900B10774 /* Sources */ = {
			isa = PBXSourcesBuildPhase;
			buildActionMask = 2147483647;
			files = (
			);
			runOnlyForDeploymentPostprocessing = 0;
		};
		3EC017BA2FABB21900B10774 /* Sources */ = {
			isa = PBXSourcesBuildPhase;
			buildActionMask = 2147483647;
			files = (
			);
			runOnlyForDeploymentPostprocessing = 0;
		};
		BC260906000000000000000B /* Sources */ = {
			isa = PBXSourcesBuildPhase;
			buildActionMask = 2147483647;
			files = (
			);
			runOnlyForDeploymentPostprocessing = 0;
		};
/* End PBXSourcesBuildPhase section */

/* Begin PBXTargetDependency section */
		3EC017B62FABB21900B10774 /* PBXTargetDependency */ = {
			isa = PBXTargetDependency;
			target = 3EC0179F2FABB21600B10774 /* 钱多多 */;
			targetProxy = 3EC017B52FABB21900B10774 /* PBXContainerItemProxy */;
		};
		3EC017C02FABB21900B10774 /* PBXTargetDependency */ = {
			isa = PBXTargetDependency;
			target = 3EC0179F2FABB21600B10774 /* 钱多多 */;
			targetProxy = 3EC017BF2FABB21900B10774 /* PBXContainerItemProxy */;
		};
		BC260906000000000000000C /* PBXTargetDependency */ = {
			isa = PBXTargetDependency;
			target = BC2609060000000000000009 /* CommentReminderWidget */;
			targetProxy = BC2609060000000000000002 /* PBXContainerItemProxy */;
		};
/* End PBXTargetDependency section */

/* Begin XCBuildConfiguration section */
		3EC017C82FABB21900B10774 /* Debug */ = {
			isa = XCBuildConfiguration;
			buildSettings = {
				ASSETCATALOG_COMPILER_APPICON_NAME = AppIcon;
				ASSETCATALOG_COMPILER_GLOBAL_ACCENT_COLOR_NAME = AccentColor;
				CODE_SIGN_ENTITLEMENTS = "钱多多/QianDuoDuo.entitlements";
				CODE_SIGN_STYLE = Automatic;
				CURRENT_PROJECT_VERSION = 1;
				DEVELOPMENT_TEAM = "$(QDD_DEVELOPMENT_TEAM)";
				ENABLE_PREVIEWS = YES;
				GENERATE_INFOPLIST_FILE = YES;
				INFOPLIST_FILE = "钱多多/Info.plist";
				INFOPLIST_KEY_UIApplicationSceneManifest_Generation = YES;
				INFOPLIST_KEY_UIApplicationSupportsIndirectInputEvents = YES;
				INFOPLIST_KEY_UILaunchScreen_Generation = YES;
				INFOPLIST_KEY_UISupportedInterfaceOrientations_iPad = "UIInterfaceOrientationPortrait UIInterfaceOrientationPortraitUpsideDown UIInterfaceOrientationLandscapeLeft UIInterfaceOrientationLandscapeRight";
				INFOPLIST_KEY_UISupportedInterfaceOrientations_iPhone = "UIInterfaceOrientationPortrait UIInterfaceOrientationLandscapeLeft UIInterfaceOrientationLandscapeRight";
				IPHONEOS_DEPLOYMENT_TARGET = 18.6;
				LD_RUNPATH_SEARCH_PATHS = (
					"$(inherited)",
					"@executable_path/Frameworks",
				);
				MARKETING_VERSION = 1.0;
				PRODUCT_BUNDLE_IDENTIFIER = "$(QDD_BUNDLE_ID)";
				PRODUCT_NAME = "$(TARGET_NAME)";
				STRING_CATALOG_GENERATE_SYMBOLS = YES;
				SWIFT_APPROACHABLE_CONCURRENCY = YES;
				SWIFT_DEFAULT_ACTOR_ISOLATION = MainActor;
				SWIFT_EMIT_LOC_STRINGS = YES;
				SWIFT_UPCOMING_FEATURE_MEMBER_IMPORT_VISIBILITY = YES;
				SWIFT_VERSION = 5.0;
				TARGETED_DEVICE_FAMILY = "1,2";
			};
			name = Debug;
		};
		3EC017C92FABB21900B10774 /* Release */ = {
			isa = XCBuildConfiguration;
			buildSettings = {
				ASSETCATALOG_COMPILER_APPICON_NAME = AppIcon;
				ASSETCATALOG_COMPILER_GLOBAL_ACCENT_COLOR_NAME = AccentColor;
				CODE_SIGN_ENTITLEMENTS = "钱多多/QianDuoDuo.entitlements";
				CODE_SIGN_STYLE = Automatic;
				CURRENT_PROJECT_VERSION = 1;
				DEVELOPMENT_TEAM = "$(QDD_DEVELOPMENT_TEAM)";
				ENABLE_PREVIEWS = YES;
				GENERATE_INFOPLIST_FILE = YES;
				INFOPLIST_FILE = "钱多多/Info.plist";
				INFOPLIST_KEY_UIApplicationSceneManifest_Generation = YES;
				INFOPLIST_KEY_UIApplicationSupportsIndirectInputEvents = YES;
				INFOPLIST_KEY_UILaunchScreen_Generation = YES;
				INFOPLIST_KEY_UISupportedInterfaceOrientations_iPad = "UIInterfaceOrientationPortrait UIInterfaceOrientationPortraitUpsideDown UIInterfaceOrientationLandscapeLeft UIInterfaceOrientationLandscapeRight";
				INFOPLIST_KEY_UISupportedInterfaceOrientations_iPhone = "UIInterfaceOrientationPortrait UIInterfaceOrientationLandscapeLeft UIInterfaceOrientationLandscapeRight";
				IPHONEOS_DEPLOYMENT_TARGET = 18.6;
				LD_RUNPATH_SEARCH_PATHS = (
					"$(inherited)",
					"@executable_path/Frameworks",
				);
				MARKETING_VERSION = 1.0;
				PRODUCT_BUNDLE_IDENTIFIER = "$(QDD_BUNDLE_ID)";
				PRODUCT_NAME = "$(TARGET_NAME)";
				STRING_CATALOG_GENERATE_SYMBOLS = YES;
				SWIFT_APPROACHABLE_CONCURRENCY = YES;
				SWIFT_DEFAULT_ACTOR_ISOLATION = MainActor;
				SWIFT_EMIT_LOC_STRINGS = YES;
				SWIFT_UPCOMING_FEATURE_MEMBER_IMPORT_VISIBILITY = YES;
				SWIFT_VERSION = 5.0;
				TARGETED_DEVICE_FAMILY = "1,2";
			};
			name = Release;
		};
		3EC017CA2FABB21900B10774 /* Debug */ = {
			isa = XCBuildConfiguration;
			baseConfigurationReference = DD2609220000000000000001 /* Signing.xcconfig */;
			buildSettings = {
				ALWAYS_SEARCH_USER_PATHS = NO;
				ASSETCATALOG_COMPILER_GENERATE_SWIFT_ASSET_SYMBOL_EXTENSIONS = YES;
				CLANG_ANALYZER_LOCALIZABILITY_NONLOCALIZED = YES;
				CLANG_ANALYZER_NONNULL = YES;
				CLANG_ANALYZER_NUMBER_OBJECT_CONVERSION = YES_AGGRESSIVE;
				CLANG_CXX_LANGUAGE_STANDARD = "gnu++20";
				CLANG_ENABLE_MODULES = YES;
				CLANG_ENABLE_OBJC_ARC = YES;
				CLANG_ENABLE_OBJC_WEAK = YES;
				CLANG_WARN_BLOCK_CAPTURE_AUTORELEASING = YES;
				CLANG_WARN_BOOL_CONVERSION = YES;
				CLANG_WARN_COMMA = YES;
				CLANG_WARN_CONSTANT_CONVERSION = YES;
				CLANG_WARN_DEPRECATED_OBJC_IMPLEMENTATIONS = YES;
				CLANG_WARN_DIRECT_OBJC_ISA_USAGE = YES_ERROR;
				CLANG_WARN_DOCUMENTATION_COMMENTS = YES;
				CLANG_WARN_EMPTY_BODY = YES;
				CLANG_WARN_ENUM_CONVERSION = YES;
				CLANG_WARN_INFINITE_RECURSION = YES;
				CLANG_WARN_INT_CONVERSION = YES;
				CLANG_WARN_NON_LITERAL_NULL_CONVERSION = YES;
				CLANG_WARN_OBJC_IMPLICIT_RETAIN_SELF = YES;
				CLANG_WARN_OBJC_LITERAL_CONVERSION = YES;
				CLANG_WARN_OBJC_ROOT_CLASS = YES_ERROR;
				CLANG_WARN_QUOTED_INCLUDE_IN_FRAMEWORK_HEADER = YES;
				CLANG_WARN_RANGE_LOOP_ANALYSIS = YES;
				CLANG_WARN_STRICT_PROTOTYPES = YES;
				CLANG_WARN_SUSPICIOUS_MOVE = YES;
				CLANG_WARN_UNGUARDED_AVAILABILITY = YES_AGGRESSIVE;
				CLANG_WARN_UNREACHABLE_CODE = YES;
				CLANG_WARN__DUPLICATE_METHOD_MATCH = YES;
				COPY_PHASE_STRIP = NO;
				DEBUG_INFORMATION_FORMAT = dwarf;
				DEVELOPMENT_TEAM = "$(QDD_DEVELOPMENT_TEAM)";
				ENABLE_STRICT_OBJC_MSGSEND = YES;
				ENABLE_TESTABILITY = YES;
				ENABLE_USER_SCRIPT_SANDBOXING = YES;
				GCC_C_LANGUAGE_STANDARD = gnu17;
				GCC_DYNAMIC_NO_PIC = NO;
				GCC_NO_COMMON_BLOCKS = YES;
				GCC_OPTIMIZATION_LEVEL = 0;
				GCC_PREPROCESSOR_DEFINITIONS = (
					"DEBUG=1",
					"$(inherited)",
				);
				GCC_WARN_64_TO_32_BIT_CONVERSION = YES;
				GCC_WARN_ABOUT_RETURN_TYPE = YES_ERROR;
				GCC_WARN_UNDECLARED_SELECTOR = YES;
				GCC_WARN_UNINITIALIZED_AUTOS = YES_AGGRESSIVE;
				GCC_WARN_UNUSED_FUNCTION = YES;
				GCC_WARN_UNUSED_VARIABLE = YES;
				IPHONEOS_DEPLOYMENT_TARGET = 26.2;
				LOCALIZATION_PREFERS_STRING_CATALOGS = YES;
				MTL_ENABLE_DEBUG_INFO = INCLUDE_SOURCE;
				MTL_FAST_MATH = YES;
				ONLY_ACTIVE_ARCH = YES;
				SDKROOT = iphoneos;
				STRING_CATALOG_GENERATE_SYMBOLS = YES;
				SWIFT_ACTIVE_COMPILATION_CONDITIONS = "DEBUG $(inherited)";
				SWIFT_OPTIMIZATION_LEVEL = "-Onone";
			};
			name = Debug;
		};
		3EC017CB2FABB21900B10774 /* Release */ = {
			isa = XCBuildConfiguration;
			baseConfigurationReference = DD2609220000000000000001 /* Signing.xcconfig */;
			buildSettings = {
				ALWAYS_SEARCH_USER_PATHS = NO;
				ASSETCATALOG_COMPILER_GENERATE_SWIFT_ASSET_SYMBOL_EXTENSIONS = YES;
				CLANG_ANALYZER_LOCALIZABILITY_NONLOCALIZED = YES;
				CLANG_ANALYZER_NONNULL = YES;
				CLANG_ANALYZER_NUMBER_OBJECT_CONVERSION = YES_AGGRESSIVE;
				CLANG_CXX_LANGUAGE_STANDARD = "gnu++20";
				CLANG_ENABLE_MODULES = YES;
				CLANG_ENABLE_OBJC_ARC = YES;
				CLANG_ENABLE_OBJC_WEAK = YES;
				CLANG_WARN_BLOCK_CAPTURE_AUTORELEASING = YES;
				CLANG_WARN_BOOL_CONVERSION = YES;
				CLANG_WARN_COMMA = YES;
				CLANG_WARN_CONSTANT_CONVERSION = YES;
				CLANG_WARN_DEPRECATED_OBJC_IMPLEMENTATIONS = YES;
				CLANG_WARN_DIRECT_OBJC_ISA_USAGE = YES_ERROR;
				CLANG_WARN_DOCUMENTATION_COMMENTS = YES;
				CLANG_WARN_EMPTY_BODY = YES;
				CLANG_WARN_ENUM_CONVERSION = YES;
				CLANG_WARN_INFINITE_RECURSION = YES;
				CLANG_WARN_INT_CONVERSION = YES;
				CLANG_WARN_NON_LITERAL_NULL_CONVERSION = YES;
				CLANG_WARN_OBJC_IMPLICIT_RETAIN_SELF = YES;
				CLANG_WARN_OBJC_LITERAL_CONVERSION = YES;
				CLANG_WARN_OBJC_ROOT_CLASS = YES_ERROR;
				CLANG_WARN_QUOTED_INCLUDE_IN_FRAMEWORK_HEADER = YES;
				CLANG_WARN_RANGE_LOOP_ANALYSIS = YES;
				CLANG_WARN_STRICT_PROTOTYPES = YES;
				CLANG_WARN_SUSPICIOUS_MOVE = YES;
				CLANG_WARN_UNGUARDED_AVAILABILITY = YES_AGGRESSIVE;
				CLANG_WARN_UNREACHABLE_CODE = YES;
				CLANG_WARN__DUPLICATE_METHOD_MATCH = YES;
				COPY_PHASE_STRIP = NO;
				DEBUG_INFORMATION_FORMAT = "dwarf-with-dsym";
				DEVELOPMENT_TEAM = "$(QDD_DEVELOPMENT_TEAM)";
				ENABLE_NS_ASSERTIONS = NO;
				ENABLE_STRICT_OBJC_MSGSEND = YES;
				ENABLE_USER_SCRIPT_SANDBOXING = YES;
				GCC_C_LANGUAGE_STANDARD = gnu17;
				GCC_NO_COMMON_BLOCKS = YES;
				GCC_WARN_64_TO_32_BIT_CONVERSION = YES;
				GCC_WARN_ABOUT_RETURN_TYPE = YES_ERROR;
				GCC_WARN_UNDECLARED_SELECTOR = YES;
				GCC_WARN_UNINITIALIZED_AUTOS = YES_AGGRESSIVE;
				GCC_WARN_UNUSED_FUNCTION = YES;
				GCC_WARN_UNUSED_VARIABLE = YES;
				IPHONEOS_DEPLOYMENT_TARGET = 26.2;
				LOCALIZATION_PREFERS_STRING_CATALOGS = YES;
				MTL_ENABLE_DEBUG_INFO = NO;
				MTL_FAST_MATH = YES;
				SDKROOT = iphoneos;
				STRING_CATALOG_GENERATE_SYMBOLS = YES;
				SWIFT_COMPILATION_MODE = wholemodule;
				VALIDATE_PRODUCT = YES;
			};
			name = Release;
		};
		3EC017CD2FABB21900B10774 /* Debug */ = {
			isa = XCBuildConfiguration;
			buildSettings = {
				BUNDLE_LOADER = "$(TEST_HOST)";
				CODE_SIGN_STYLE = Automatic;
				CURRENT_PROJECT_VERSION = 1;
				DEVELOPMENT_TEAM = "$(QDD_DEVELOPMENT_TEAM)";
				GENERATE_INFOPLIST_FILE = YES;
				IPHONEOS_DEPLOYMENT_TARGET = 26.2;
				MARKETING_VERSION = 1.0;
				PRODUCT_BUNDLE_IDENTIFIER = "$(QDD_BUNDLE_ID)Tests";
				PRODUCT_NAME = "$(TARGET_NAME)";
				STRING_CATALOG_GENERATE_SYMBOLS = NO;
				SWIFT_APPROACHABLE_CONCURRENCY = YES;
				SWIFT_EMIT_LOC_STRINGS = NO;
				SWIFT_UPCOMING_FEATURE_MEMBER_IMPORT_VISIBILITY = YES;
				SWIFT_VERSION = 5.0;
				TARGETED_DEVICE_FAMILY = "1,2";
				TEST_HOST = "$(BUILT_PRODUCTS_DIR)/钱多多.app/$(BUNDLE_EXECUTABLE_FOLDER_PATH)/钱多多";
			};
			name = Debug;
		};
		3EC017CE2FABB21900B10774 /* Release */ = {
			isa = XCBuildConfiguration;
			buildSettings = {
				BUNDLE_LOADER = "$(TEST_HOST)";
				CODE_SIGN_STYLE = Automatic;
				CURRENT_PROJECT_VERSION = 1;
				DEVELOPMENT_TEAM = "$(QDD_DEVELOPMENT_TEAM)";
				GENERATE_INFOPLIST_FILE = YES;
				IPHONEOS_DEPLOYMENT_TARGET = 26.2;
				MARKETING_VERSION = 1.0;
				PRODUCT_BUNDLE_IDENTIFIER = "$(QDD_BUNDLE_ID)Tests";
				PRODUCT_NAME = "$(TARGET_NAME)";
				STRING_CATALOG_GENERATE_SYMBOLS = NO;
				SWIFT_APPROACHABLE_CONCURRENCY = YES;
				SWIFT_EMIT_LOC_STRINGS = NO;
				SWIFT_UPCOMING_FEATURE_MEMBER_IMPORT_VISIBILITY = YES;
				SWIFT_VERSION = 5.0;
				TARGETED_DEVICE_FAMILY = "1,2";
				TEST_HOST = "$(BUILT_PRODUCTS_DIR)/钱多多.app/$(BUNDLE_EXECUTABLE_FOLDER_PATH)/钱多多";
			};
			name = Release;
		};
		3EC017D02FABB21900B10774 /* Debug */ = {
			isa = XCBuildConfiguration;
			buildSettings = {
				CODE_SIGN_STYLE = Automatic;
				CURRENT_PROJECT_VERSION = 1;
				DEVELOPMENT_TEAM = "$(QDD_DEVELOPMENT_TEAM)";
				GENERATE_INFOPLIST_FILE = YES;
				MARKETING_VERSION = 1.0;
				PRODUCT_BUNDLE_IDENTIFIER = "$(QDD_BUNDLE_ID)UITests";
				PRODUCT_NAME = "$(TARGET_NAME)";
				STRING_CATALOG_GENERATE_SYMBOLS = NO;
				SWIFT_APPROACHABLE_CONCURRENCY = YES;
				SWIFT_EMIT_LOC_STRINGS = NO;
				SWIFT_UPCOMING_FEATURE_MEMBER_IMPORT_VISIBILITY = YES;
				SWIFT_VERSION = 5.0;
				TARGETED_DEVICE_FAMILY = "1,2";
				TEST_TARGET_NAME = "钱多多";
			};
			name = Debug;
		};
		3EC017D12FABB21900B10774 /* Release */ = {
			isa = XCBuildConfiguration;
			buildSettings = {
				CODE_SIGN_STYLE = Automatic;
				CURRENT_PROJECT_VERSION = 1;
				DEVELOPMENT_TEAM = "$(QDD_DEVELOPMENT_TEAM)";
				GENERATE_INFOPLIST_FILE = YES;
				MARKETING_VERSION = 1.0;
				PRODUCT_BUNDLE_IDENTIFIER = "$(QDD_BUNDLE_ID)UITests";
				PRODUCT_NAME = "$(TARGET_NAME)";
				STRING_CATALOG_GENERATE_SYMBOLS = NO;
				SWIFT_APPROACHABLE_CONCURRENCY = YES;
				SWIFT_EMIT_LOC_STRINGS = NO;
				SWIFT_UPCOMING_FEATURE_MEMBER_IMPORT_VISIBILITY = YES;
				SWIFT_VERSION = 5.0;
				TARGETED_DEVICE_FAMILY = "1,2";
				TEST_TARGET_NAME = "钱多多";
			};
			name = Release;
		};
		BC260906000000000000000D /* Debug */ = {
			isa = XCBuildConfiguration;
			buildSettings = {
				APPLICATION_EXTENSION_API_ONLY = YES;
				CODE_SIGN_STYLE = Automatic;
				CURRENT_PROJECT_VERSION = 1;
				DEVELOPMENT_TEAM = "$(QDD_DEVELOPMENT_TEAM)";
				GENERATE_INFOPLIST_FILE = YES;
				INFOPLIST_FILE = CommentReminderWidget/Info.plist;
				INFOPLIST_KEY_CFBundleDisplayName = "评论提醒";
				IPHONEOS_DEPLOYMENT_TARGET = 18.6;
				LD_RUNPATH_SEARCH_PATHS = (
					"$(inherited)",
					"@executable_path/Frameworks",
					"@executable_path/../../Frameworks",
				);
				MARKETING_VERSION = 1.0;
				PRODUCT_BUNDLE_IDENTIFIER = "$(QDD_BUNDLE_ID).CommentReminderWidget";
				PRODUCT_NAME = "$(TARGET_NAME)";
				SKIP_INSTALL = YES;
				SWIFT_APPROACHABLE_CONCURRENCY = YES;
				SWIFT_DEFAULT_ACTOR_ISOLATION = MainActor;
				SWIFT_EMIT_LOC_STRINGS = YES;
				SWIFT_UPCOMING_FEATURE_MEMBER_IMPORT_VISIBILITY = YES;
				SWIFT_VERSION = 5.0;
				TARGETED_DEVICE_FAMILY = "1,2";
			};
			name = Debug;
		};
		BC260906000000000000000E /* Release */ = {
			isa = XCBuildConfiguration;
			buildSettings = {
				APPLICATION_EXTENSION_API_ONLY = YES;
				CODE_SIGN_STYLE = Automatic;
				CURRENT_PROJECT_VERSION = 1;
				DEVELOPMENT_TEAM = "$(QDD_DEVELOPMENT_TEAM)";
				GENERATE_INFOPLIST_FILE = YES;
				INFOPLIST_FILE = CommentReminderWidget/Info.plist;
				INFOPLIST_KEY_CFBundleDisplayName = "评论提醒";
				IPHONEOS_DEPLOYMENT_TARGET = 18.6;
				LD_RUNPATH_SEARCH_PATHS = (
					"$(inherited)",
					"@executable_path/Frameworks",
					"@executable_path/../../Frameworks",
				);
				MARKETING_VERSION = 1.0;
				PRODUCT_BUNDLE_IDENTIFIER = "$(QDD_BUNDLE_ID).CommentReminderWidget";
				PRODUCT_NAME = "$(TARGET_NAME)";
				SKIP_INSTALL = YES;
				SWIFT_APPROACHABLE_CONCURRENCY = YES;
				SWIFT_DEFAULT_ACTOR_ISOLATION = MainActor;
				SWIFT_EMIT_LOC_STRINGS = YES;
				SWIFT_UPCOMING_FEATURE_MEMBER_IMPORT_VISIBILITY = YES;
				SWIFT_VERSION = 5.0;
				TARGETED_DEVICE_FAMILY = "1,2";
			};
			name = Release;
		};
/* End XCBuildConfiguration section */

/* Begin XCConfigurationList section */
		3EC0179B2FABB21600B10774 /* Build configuration list for PBXProject "钱多多" */ = {
			isa = XCConfigurationList;
			buildConfigurations = (
				3EC017CA2FABB21900B10774 /* Debug */,
				3EC017CB2FABB21900B10774 /* Release */,
			);
			defaultConfigurationIsVisible = 0;
			defaultConfigurationName = Release;
		};
		3EC017C72FABB21900B10774 /* Build configuration list for PBXNativeTarget "钱多多" */ = {
			isa = XCConfigurationList;
			buildConfigurations = (
				3EC017C82FABB21900B10774 /* Debug */,
				3EC017C92FABB21900B10774 /* Release */,
			);
			defaultConfigurationIsVisible = 0;
			defaultConfigurationName = Release;
		};
		3EC017CC2FABB21900B10774 /* Build configuration list for PBXNativeTarget "钱多多Tests" */ = {
			isa = XCConfigurationList;
			buildConfigurations = (
				3EC017CD2FABB21900B10774 /* Debug */,
				3EC017CE2FABB21900B10774 /* Release */,
			);
			defaultConfigurationIsVisible = 0;
			defaultConfigurationName = Release;
		};
		3EC017CF2FABB21900B10774 /* Build configuration list for PBXNativeTarget "钱多多UITests" */ = {
			isa = XCConfigurationList;
			buildConfigurations = (
				3EC017D02FABB21900B10774 /* Debug */,
				3EC017D12FABB21900B10774 /* Release */,
			);
			defaultConfigurationIsVisible = 0;
			defaultConfigurationName = Release;
		};
		BC260906000000000000000F /* Build configuration list for PBXNativeTarget "CommentReminderWidget" */ = {
			isa = XCConfigurationList;
			buildConfigurations = (
				BC260906000000000000000D /* Debug */,
				BC260906000000000000000E /* Release */,
			);
			defaultConfigurationIsVisible = 0;
			defaultConfigurationName = Release;
		};
/* End XCConfigurationList section */
	};
	rootObject = 3EC017982FABB21600B10774 /* Project object */;
}
